
Microsoft Visual Studio Solution File, Format Version 12.00
# Visual Studio Version 16
VisualStudioVersion = 16.0.29509.3
MinimumVisualStudioVersion = 10.0.40219.1
Project("{FAE04EC0-301F-11D3-BF4B-00C04F79EFBC}") = "TrashCollector", "TrashCollector\TrashCollector.csproj", "{F726F35E-EC16-41A7-B9BD-FC9288140693}"
EndProject
Global
	GlobalSection(SolutionConfigurationPlatforms) = preSolution
		Debug|Any CPU = Debug|Any CPU
		Release|Any CPU = Release|Any CPU
	EndGlobalSection
	GlobalSection(ProjectConfigurationPlatforms) = postSolution
		{F726F35E-EC16-41A7-B9BD-FC9288140693}.Debug|Any CPU.ActiveCfg = Debug|Any CPU
		{F726F35E-EC16-41A7-B9BD-FC9288140693}.Debug|Any CPU.Build.0 = Debug|Any CPU
		{F726F35E-EC16-41A7-B9BD-FC9288140693}.Release|Any CPU.ActiveCfg = Release|Any CPU
		{F726F35E-EC16-41A7-B9BD-FC9288140693}.Release|Any CPU.Build.0 = Release|Any CPU
	EndGlobalSection
	GlobalSection(SolutionProperties) = preSolution
		HideSolutionNode = FALSE
	EndGlobalSection
	GlobalSection(ExtensibilityGlobals) = postSolution
		SolutionGuid = {B1B1725D-C4F7-4045-80BD-CE50DE8050A9}
	EndGlobalSection
EndGlobal
